
Microsoft Visual Studio Solution File, Format Version 12.00
# Visual Studio Express 15 for Windows Desktop
VisualStudioVersion = 15.0.27703.2047
MinimumVisualStudioVersion = 10.0.40219.1
Project("{FAE04EC0-301F-11D3-BF4B-00C04F79EFBC}") = "Evaluation2", "Evaluation2\Evaluation2.csproj", "{BC577E79-E4D0-427C-BA8A-8085E2AABE85}"
EndProject
Global
	GlobalSection(SolutionConfigurationPlatforms) = preSolution
		Debug|Any CPU = Debug|Any CPU
		Release|Any CPU = Release|Any CPU
	EndGlobalSection
	GlobalSection(ProjectConfigurationPlatforms) = postSolution
		{BC577E79-E4D0-427C-BA8A-8085E2AABE85}.Debug|Any CPU.ActiveCfg = Debug|Any CPU
		{BC577E79-E4D0-427C-BA8A-8085E2AABE85}.Debug|Any CPU.Build.0 = Debug|Any CPU
		{BC577E79-E4D0-427C-BA8A-8085E2AABE85}.Release|Any CPU.ActiveCfg = Release|Any CPU
		{BC577E79-E4D0-427C-BA8A-8085E2AABE85}.Release|Any CPU.Build.0 = Release|Any CPU
	EndGlobalSection
	GlobalSection(SolutionProperties) = preSolution
		HideSolutionNode = FALSE
	EndGlobalSection
	GlobalSection(ExtensibilityGlobals) = postSolution
		SolutionGuid = {2BF219EF-A19D-406C-9A26-6DDE3B56D16D}
	EndGlobalSection
EndGlobal
